
Microsoft Visual Studio Solution File, Format Version 12.00
# Visual Studio Version 16
VisualStudioVersion = 16.0.29215.179
MinimumVisualStudioVersion = 10.0.40219.1
Project("{00D1A9C2-B5F0-4AF3-8072-F6C62B433612}") = "Sfa.Poc.ResultsAndCertification.Database", "Sfa.Poc.ResultsAndCertification.Database\Sfa.Poc.ResultsAndCertification.Database.sqlproj", "{2714B171-03E8-4D0E-8C57-F240DB3D49BE}"
EndProject
Global
	GlobalSection(SolutionConfigurationPlatforms) = preSolution
		Debug|Any CPU = Debug|Any CPU
		Release|Any CPU = Release|Any CPU
	EndGlobalSection
	GlobalSection(ProjectConfigurationPlatforms) = postSolution
		{2714B171-03E8-4D0E-8C57-F240DB3D49BE}.Debug|Any CPU.ActiveCfg = Debug|Any CPU
		{2714B171-03E8-4D0E-8C57-F240DB3D49BE}.Debug|Any CPU.Build.0 = Debug|Any CPU
		{2714B171-03E8-4D0E-8C57-F240DB3D49BE}.Debug|Any CPU.Deploy.0 = Debug|Any CPU
		{2714B171-03E8-4D0E-8C57-F240DB3D49BE}.Release|Any CPU.ActiveCfg = Release|Any CPU
		{2714B171-03E8-4D0E-8C57-F240DB3D49BE}.Release|Any CPU.Build.0 = Release|Any CPU
		{2714B171-03E8-4D0E-8C57-F240DB3D49BE}.Release|Any CPU.Deploy.0 = Release|Any CPU
	EndGlobalSection
	GlobalSection(SolutionProperties) = preSolution
		HideSolutionNode = FALSE
	EndGlobalSection
	GlobalSection(ExtensibilityGlobals) = postSolution
		SolutionGuid = {6CFF3C0A-B499-4A3C-A15A-543F343FF342}
	EndGlobalSection
EndGlobal
