
Microsoft Visual Studio Solution File, Format Version 12.00
# Visual Studio Version 16
VisualStudioVersion = 16.0.29215.179
MinimumVisualStudioVersion = 10.0.40219.1
Project("{9A19103F-16F7-4668-BE54-9A1E7A4F7556}") = "Sfa.Poc.ResultsAndCertification.Layout.Web", "Sfa.Poc.ResultsAndCertification.Layout.Web\Sfa.Poc.ResultsAndCertification.Layout.Web.csproj", "{7B4C50BB-1DE7-45F0-A893-66CFB1868EF3}"
EndProject
Global
	GlobalSection(SolutionConfigurationPlatforms) = preSolution
		Debug|Any CPU = Debug|Any CPU
		Release|Any CPU = Release|Any CPU
	EndGlobalSection
	GlobalSection(ProjectConfigurationPlatforms) = postSolution
		{7B4C50BB-1DE7-45F0-A893-66CFB1868EF3}.Debug|Any CPU.ActiveCfg = Debug|Any CPU
		{7B4C50BB-1DE7-45F0-A893-66CFB1868EF3}.Debug|Any CPU.Build.0 = Debug|Any CPU
		{7B4C50BB-1DE7-45F0-A893-66CFB1868EF3}.Release|Any CPU.ActiveCfg = Release|Any CPU
		{7B4C50BB-1DE7-45F0-A893-66CFB1868EF3}.Release|Any CPU.Build.0 = Release|Any CPU
	EndGlobalSection
	GlobalSection(SolutionProperties) = preSolution
		HideSolutionNode = FALSE
	EndGlobalSection
	GlobalSection(ExtensibilityGlobals) = postSolution
		SolutionGuid = {76494467-9915-48A2-A304-639C9892A663}
	EndGlobalSection
EndGlobal
